
Microsoft Visual Studio Solution File, Format Version 12.00
Project("{FAE04EC0-301F-11D3-BF4B-00C04F79EFBC}") = "Domain", "Domain\Domain.csproj", "{0F3CA515-E246-4071-BA93-C3F863791D29}"
EndProject
Project("{FAE04EC0-301F-11D3-BF4B-00C04F79EFBC}") = "Domain.Tests.Unit", "Domain.Tests.Unit\Domain.Tests.Unit.csproj", "{EB358BDE-F60E-49C0-BB09-5ABCCFDA49C0}"
EndProject
Project("{2150E333-8FDC-42A3-9474-1A3956D46DE8}") = "src", "src", "{D1122838-73C9-4F5F-AA9D-9A2E0C716DBE}"
EndProject
Project("{2150E333-8FDC-42A3-9474-1A3956D46DE8}") = "tests", "tests", "{4CBEEB9E-C25F-4D1D-8081-23763F4CFFC5}"
EndProject
Project("{FAE04EC0-301F-11D3-BF4B-00C04F79EFBC}") = "Application", "Application\Application.csproj", "{9B5CB150-965D-495D-8583-DBAD87A2DABF}"
EndProject
Project("{FAE04EC0-301F-11D3-BF4B-00C04F79EFBC}") = "Infrastructure", "Infrastructure\Infrastructure.csproj", "{35F1890B-FA8E-4BFB-8992-9D11AD90B23F}"
EndProject
Global
	GlobalSection(SolutionConfigurationPlatforms) = preSolution
		Debug|Any CPU = Debug|Any CPU
		Release|Any CPU = Release|Any CPU
	EndGlobalSection
	GlobalSection(ProjectConfigurationPlatforms) = postSolution
		{0F3CA515-E246-4071-BA93-C3F863791D29}.Debug|Any CPU.ActiveCfg = Debug|Any CPU
		{0F3CA515-E246-4071-BA93-C3F863791D29}.Debug|Any CPU.Build.0 = Debug|Any CPU
		{0F3CA515-E246-4071-BA93-C3F863791D29}.Release|Any CPU.ActiveCfg = Release|Any CPU
		{0F3CA515-E246-4071-BA93-C3F863791D29}.Release|Any CPU.Build.0 = Release|Any CPU
		{EB358BDE-F60E-49C0-BB09-5ABCCFDA49C0}.Debug|Any CPU.ActiveCfg = Debug|Any CPU
		{EB358BDE-F60E-49C0-BB09-5ABCCFDA49C0}.Debug|Any CPU.Build.0 = Debug|Any CPU
		{EB358BDE-F60E-49C0-BB09-5ABCCFDA49C0}.Release|Any CPU.ActiveCfg = Release|Any CPU
		{EB358BDE-F60E-49C0-BB09-5ABCCFDA49C0}.Release|Any CPU.Build.0 = Release|Any CPU
		{9B5CB150-965D-495D-8583-DBAD87A2DABF}.Debug|Any CPU.ActiveCfg = Debug|Any CPU
		{9B5CB150-965D-495D-8583-DBAD87A2DABF}.Debug|Any CPU.Build.0 = Debug|Any CPU
		{9B5CB150-965D-495D-8583-DBAD87A2DABF}.Release|Any CPU.ActiveCfg = Release|Any CPU
		{9B5CB150-965D-495D-8583-DBAD87A2DABF}.Release|Any CPU.Build.0 = Release|Any CPU
		{35F1890B-FA8E-4BFB-8992-9D11AD90B23F}.Debug|Any CPU.ActiveCfg = Debug|Any CPU
		{35F1890B-FA8E-4BFB-8992-9D11AD90B23F}.Debug|Any CPU.Build.0 = Debug|Any CPU
		{35F1890B-FA8E-4BFB-8992-9D11AD90B23F}.Release|Any CPU.ActiveCfg = Release|Any CPU
		{35F1890B-FA8E-4BFB-8992-9D11AD90B23F}.Release|Any CPU.Build.0 = Release|Any CPU
	EndGlobalSection
	GlobalSection(NestedProjects) = preSolution
		{0F3CA515-E246-4071-BA93-C3F863791D29} = {D1122838-73C9-4F5F-AA9D-9A2E0C716DBE}
		{EB358BDE-F60E-49C0-BB09-5ABCCFDA49C0} = {4CBEEB9E-C25F-4D1D-8081-23763F4CFFC5}
		{9B5CB150-965D-495D-8583-DBAD87A2DABF} = {D1122838-73C9-4F5F-AA9D-9A2E0C716DBE}
		{35F1890B-FA8E-4BFB-8992-9D11AD90B23F} = {D1122838-73C9-4F5F-AA9D-9A2E0C716DBE}
	EndGlobalSection
EndGlobal
